<Solution>
    <Folder Name="/src/" />
    <Folder Name="/src/Api/">
        <Project Path="src/RouteOptimizer.API/RouteOptimizer.API.csproj" />
    </Folder>
    <Folder Name="/src/Core/">
        <Project Path="src/RouteOptimizer.Application/RouteOptimizer.Application.csproj" />
        <Project Path="src/RouteOptimizer.Domain/RouteOptimizer.Domain.csproj" />
    </Folder>
    <Folder Name="/src/Infrastructure/">
        <Project Path="src/RouteOptimizer.Infrastructure/RouteOptimizer.Infrastructure.csproj" />
    </Folder>
    <Folder Name="/tests/">
        <Project Path="tests/RouteOptimizer.API.Tests/RouteOptimizer.API.Tests.csproj" />
        <Project Path="tests/RouteOptimizer.Application.Tests/RouteOptimizer.Application.Tests.csproj" />
        <Project Path="tests/RouteOptimizer.Dispatcher.Wpf.Tests/RouteOptimizer.Dispatcher.Wpf.Tests.csproj" />
        <Project Path="tests/RouteOptimizer.Driver.Pwa.Tests/RouteOptimizer.Driver.Pwa.Tests.csproj" />
        <Project Path="tests/RouteOptimizer.Domain.Tests/RouteOptimizer.Domain.Tests.csproj" />
        <Project Path="tests/RouteOptimizer.Integration.Tests/RouteOptimizer.Integration.Tests.csproj" />
        <Project Path="tests/RouteOptimizer.Infrastructure.Tests/RouteOptimizer.Infrastructure.Tests.csproj" />
    </Folder>
    <Folder Name="/WPF/">
        <Project Path="src/RouteOptimizer.Dispatcher.Wpf/RouteOptimizer.Dispatcher.Wpf.csproj" />
    </Folder>
    <Folder Name="/Driver/">
        <Project Path="src/RouteOptimizer.Driver.Pwa/RouteOptimizer.Driver.Pwa.csproj" />
    </Folder>
</Solution>
